// !$*UTF8*$!
{
	archiveVersion = 1;
	classes = {
	};
	objectVersion = 46;
	objects = {

/* Begin PBXBuildFile section */
		490F268120078A4600F260F4 /* _clang-format-objc in Resources */ = {isa = PBXBuildFile; fileRef = 490F268020078A4600F260F4 /* _clang-format-objc */; };
		4998DEEA200893F8003D8C7A /* ClangFormatAssume.swift in Sources */ = {isa = PBXBuildFile; fileRef = 4998DEE9200893F8003D8C7A /* ClangFormatAssume.swift */; };
		49A486272004C24400B4758A /* Files.swift in Sources */ = {isa = PBXBuildFile; fileRef = 49A486262004C24400B4758A /* Files.swift */; };
		A11B69171D19F37D00802D08 /* clang-format in Resources */ = {isa = PBXBuildFile; fileRef = A1417CD41D19ED17005DEFA3 /* clang-format */; };
		A1417CB01D19E832005DEFA3 /* AppDelegate.swift in Sources */ = {isa = PBXBuildFile; fileRef = A1417CAF1D19E832005DEFA3 /* AppDelegate.swift */; };
		A1417CB21D19E833005DEFA3 /* Assets.xcassets in Resources */ = {isa = PBXBuildFile; fileRef = A1417CB11D19E833005DEFA3 /* Assets.xcassets */; };
		A1417CB51D19E833005DEFA3 /* MainMenu.xib in Resources */ = {isa = PBXBuildFile; fileRef = A1417CB31D19E833005DEFA3 /* MainMenu.xib */; };
		A1417CC41D19EB7D005DEFA3 /* Cocoa.framework in Frameworks */ = {isa = PBXBuildFile; fileRef = A1417CC31D19EB7D005DEFA3 /* Cocoa.framework */; };
		A1417CC91D19EB7D005DEFA3 /* SourceEditorExtension.swift in Sources */ = {isa = PBXBuildFile; fileRef = A1417CC81D19EB7D005DEFA3 /* SourceEditorExtension.swift */; };
		A1417CCB1D19EB7D005DEFA3 /* SourceEditorCommand.swift in Sources */ = {isa = PBXBuildFile; fileRef = A1417CCA1D19EB7D005DEFA3 /* SourceEditorCommand.swift */; };
		A1417CCF1D19EB7D005DEFA3 /* ClangFormat.appex in Embed App Extensions */ = {isa = PBXBuildFile; fileRef = A1417CC11D19EB7D005DEFA3 /* ClangFormat.appex */; settings = {ATTRIBUTES = (RemoveHeadersOnCopy, ); }; };
/* End PBXBuildFile section */

/* Begin PBXContainerItemProxy section */
		A1417CCD1D19EB7D005DEFA3 /* PBXContainerItemProxy */ = {
			isa = PBXContainerItemProxy;
			containerPortal = A1417CA41D19E832005DEFA3 /* Project object */;
			proxyType = 1;
			remoteGlobalIDString = A1417CC01D19EB7D005DEFA3;
			remoteInfo = ClangFormat;
		};
/* End PBXContainerItemProxy section */

/* Begin PBXCopyFilesBuildPhase section */
		A1417CD31D19EB7D005DEFA3 /* Embed App Extensions */ = {
			isa = PBXCopyFilesBuildPhase;
			buildActionMask = 2147483647;
			dstPath = "";
			dstSubfolderSpec = 13;
			files = (
				A1417CCF1D19EB7D005DEFA3 /* ClangFormat.appex in Embed App Extensions */,
			);
			name = "Embed App Extensions";
			runOnlyForDeploymentPostprocessing = 0;
		};
/* End PBXCopyFilesBuildPhase section */

/* Begin PBXFileReference section */
		490F268020078A4600F260F4 /* _clang-format-objc */ = {isa = PBXFileReference; fileEncoding = 4; lastKnownFileType = text; path = "_clang-format-objc"; sourceTree = "<group>"; };
		4998DEE9200893F8003D8C7A /* ClangFormatAssume.swift */ = {isa = PBXFileReference; lastKnownFileType = sourcecode.swift; path = ClangFormatAssume.swift; sourceTree = "<group>"; };
		49A486262004C24400B4758A /* Files.swift */ = {isa = PBXFileReference; fileEncoding = 4; lastKnownFileType = sourcecode.swift; path = Files.swift; sourceTree = "<group>"; };
		A1417CAC1D19E832005DEFA3 /* ClangFormatter.app */ = {isa = PBXFileReference; explicitFileType = wrapper.application; includeInIndex = 0; path = ClangFormatter.app; sourceTree = BUILT_PRODUCTS_DIR; };
		A1417CAF1D19E832005DEFA3 /* AppDelegate.swift */ = {isa = PBXFileReference; lastKnownFileType = sourcecode.swift; path = AppDelegate.swift; sourceTree = "<group>"; };
		A1417CB11D19E833005DEFA3 /* Assets.xcassets */ = {isa = PBXFileReference; lastKnownFileType = folder.assetcatalog; path = Assets.xcassets; sourceTree = "<group>"; };
		A1417CB41D19E833005DEFA3 /* Base */ = {isa = PBXFileReference; lastKnownFileType = file.xib; name = Base; path = Base.lproj/MainMenu.xib; sourceTree = "<group>"; };
		A1417CB61D19E833005DEFA3 /* Info.plist */ = {isa = PBXFileReference; lastKnownFileType = text.plist.xml; path = Info.plist; sourceTree = "<group>"; };
		A1417CC11D19EB7D005DEFA3 /* ClangFormat.appex */ = {isa = PBXFileReference; explicitFileType = "wrapper.app-extension"; includeInIndex = 0; path = ClangFormat.appex; sourceTree = BUILT_PRODUCTS_DIR; };
		A1417CC31D19EB7D005DEFA3 /* Cocoa.framework */ = {isa = PBXFileReference; lastKnownFileType = wrapper.framework; name = Cocoa.framework; path = System/Library/Frameworks/Cocoa.framework; sourceTree = SDKROOT; };
		A1417CC71D19EB7D005DEFA3 /* ClangFormat.entitlements */ = {isa = PBXFileReference; lastKnownFileType = text.xml; path = ClangFormat.entitlements; sourceTree = "<group>"; };
		A1417CC81D19EB7D005DEFA3 /* SourceEditorExtension.swift */ = {isa = PBXFileReference; lastKnownFileType = sourcecode.swift; path = SourceEditorExtension.swift; sourceTree = "<group>"; };
		A1417CCA1D19EB7D005DEFA3 /* SourceEditorCommand.swift */ = {isa = PBXFileReference; lastKnownFileType = sourcecode.swift; path = SourceEditorCommand.swift; sourceTree = "<group>"; };
		A1417CCC1D19EB7D005DEFA3 /* Info.plist */ = {isa = PBXFileReference; lastKnownFileType = text.plist.xml; path = Info.plist; sourceTree = "<group>"; };
		A1417CD41D19ED17005DEFA3 /* clang-format */ = {isa = PBXFileReference; lastKnownFileType = "compiled.mach-o.executable"; name = "clang-format"; path = "bin/clang-format"; sourceTree = SOURCE_ROOT; };
/* End PBXFileReference section */

/* Begin PBXFrameworksBuildPhase section */
		A1417CA91D19E832005DEFA3 /* Frameworks */ = {
			isa = PBXFrameworksBuildPhase;
			buildActionMask = 2147483647;
			files = (
			);
			runOnlyForDeploymentPostprocessing = 0;
		};
		A1417CBE1D19EB7D005DEFA3 /* Frameworks */ = {
			isa = PBXFrameworksBuildPhase;
			buildActionMask = 2147483647;
			files = (
				A1417CC41D19EB7D005DEFA3 /* Cocoa.framework in Frameworks */,
			);
			runOnlyForDeploymentPostprocessing = 0;
		};
/* End PBXFrameworksBuildPhase section */

/* Begin PBXGroup section */
		490F267F2007890300F260F4 /* style */ = {
			isa = PBXGroup;
			children = (
				490F268020078A4600F260F4 /* _clang-format-objc */,
			);
			path = style;
			sourceTree = "<group>";
		};
		A1417CA31D19E831005DEFA3 = {
			isa = PBXGroup;
			children = (
				A1417CC51D19EB7D005DEFA3 /* ClangFormat */,
				A1417CAE1D19E832005DEFA3 /* Code */,
				A1417CC21D19EB7D005DEFA3 /* Frameworks */,
				A1417CAD1D19E832005DEFA3 /* Products */,
				A1417CBC1D19E84E005DEFA3 /* Resources */,
			);
			sourceTree = "<group>";
		};
		A1417CAD1D19E832005DEFA3 /* Products */ = {
			isa = PBXGroup;
			children = (
				A1417CAC1D19E832005DEFA3 /* ClangFormatter.app */,
				A1417CC11D19EB7D005DEFA3 /* ClangFormat.appex */,
			);
			name = Products;
			sourceTree = "<group>";
		};
		A1417CAE1D19E832005DEFA3 /* Code */ = {
			isa = PBXGroup;
			children = (
				A1417CAF1D19E832005DEFA3 /* AppDelegate.swift */,
			);
			path = Code;
			sourceTree = "<group>";
		};
		A1417CBC1D19E84E005DEFA3 /* Resources */ = {
			isa = PBXGroup;
			children = (
				A1417CB11D19E833005DEFA3 /* Assets.xcassets */,
				A1417CB61D19E833005DEFA3 /* Info.plist */,
				A1417CB31D19E833005DEFA3 /* MainMenu.xib */,
			);
			path = Resources;
			sourceTree = "<group>";
		};
		A1417CC21D19EB7D005DEFA3 /* Frameworks */ = {
			isa = PBXGroup;
			children = (
				A1417CC31D19EB7D005DEFA3 /* Cocoa.framework */,
			);
			name = Frameworks;
			sourceTree = "<group>";
		};
		A1417CC51D19EB7D005DEFA3 /* ClangFormat */ = {
			isa = PBXGroup;
			children = (
				490F267F2007890300F260F4 /* style */,
				49A486262004C24400B4758A /* Files.swift */,
				A1417CC81D19EB7D005DEFA3 /* SourceEditorExtension.swift */,
				A1417CCA1D19EB7D005DEFA3 /* SourceEditorCommand.swift */,
				4998DEE9200893F8003D8C7A /* ClangFormatAssume.swift */,
				A1417CC61D19EB7D005DEFA3 /* Supporting Files */,
			);
			path = ClangFormat;
			sourceTree = "<group>";
		};
		A1417CC61D19EB7D005DEFA3 /* Supporting Files */ = {
			isa = PBXGroup;
			children = (
				A1417CD41D19ED17005DEFA3 /* clang-format */,
				A1417CC71D19EB7D005DEFA3 /* ClangFormat.entitlements */,
				A1417CCC1D19EB7D005DEFA3 /* Info.plist */,
			);
			name = "Supporting Files";
			sourceTree = "<group>";
		};
/* End PBXGroup section */

/* Begin PBXNativeTarget section */
		A1417CAB1D19E832005DEFA3 /* ClangFormatter */ = {
			isa = PBXNativeTarget;
			buildConfigurationList = A1417CB91D19E833005DEFA3 /* Build configuration list for PBXNativeTarget "ClangFormatter" */;
			buildPhases = (
				A1417CA81D19E832005DEFA3 /* Sources */,
				A1417CA91D19E832005DEFA3 /* Frameworks */,
				A1417CAA1D19E832005DEFA3 /* Resources */,
				A1417CD31D19EB7D005DEFA3 /* Embed App Extensions */,
				A11B69191D19F9CF00802D08 /* Fix Permissions */,
			);
			buildRules = (
			);
			dependencies = (
				A1417CCE1D19EB7D005DEFA3 /* PBXTargetDependency */,
			);
			name = ClangFormatter;
			productName = ClangFormatter;
			productReference = A1417CAC1D19E832005DEFA3 /* ClangFormatter.app */;
			productType = "com.apple.product-type.application";
		};
		A1417CC01D19EB7D005DEFA3 /* ClangFormat */ = {
			isa = PBXNativeTarget;
			buildConfigurationList = A1417CD21D19EB7D005DEFA3 /* Build configuration list for PBXNativeTarget "ClangFormat" */;
			buildPhases = (
				A1417CBD1D19EB7D005DEFA3 /* Sources */,
				A1417CBE1D19EB7D005DEFA3 /* Frameworks */,
				A1417CBF1D19EB7D005DEFA3 /* Resources */,
			);
			buildRules = (
			);
			dependencies = (
			);
			name = ClangFormat;
			productName = ClangFormat;
			productReference = A1417CC11D19EB7D005DEFA3 /* ClangFormat.appex */;
			productType = "com.apple.product-type.xcode-extension";
		};
/* End PBXNativeTarget section */

/* Begin PBXProject section */
		A1417CA41D19E832005DEFA3 /* Project object */ = {
			isa = PBXProject;
			attributes = {
				LastSwiftUpdateCheck = 0800;
				LastUpgradeCheck = 0810;
				ORGANIZATIONNAME = "🚀";
				TargetAttributes = {
					A1417CAB1D19E832005DEFA3 = {
						CreatedOnToolsVersion = 8.0;
						DevelopmentTeam = 29C5EDQ3MS;
						DevelopmentTeamName = "Boris Bügling (Personal Team)";
						LastSwiftMigration = 0810;
						ProvisioningStyle = Automatic;
					};
					A1417CC01D19EB7D005DEFA3 = {
						CreatedOnToolsVersion = 8.0;
						DevelopmentTeam = 29C5EDQ3MS;
						DevelopmentTeamName = "Boris Bügling (Personal Team)";
						LastSwiftMigration = 0810;
						ProvisioningStyle = Automatic;
						SystemCapabilities = {
							com.apple.ApplicationGroups.Mac = {
								enabled = 0;
							};
						};
					};
				};
			};
			buildConfigurationList = A1417CA71D19E832005DEFA3 /* Build configuration list for PBXProject "ClangFormatter" */;
			compatibilityVersion = "Xcode 3.2";
			developmentRegion = English;
			hasScannedForEncodings = 0;
			knownRegions = (
				en,
				Base,
			);
			mainGroup = A1417CA31D19E831005DEFA3;
			productRefGroup = A1417CAD1D19E832005DEFA3 /* Products */;
			projectDirPath = "";
			projectRoot = "";
			targets = (
				A1417CAB1D19E832005DEFA3 /* ClangFormatter */,
				A1417CC01D19EB7D005DEFA3 /* ClangFormat */,
			);
		};
/* End PBXProject section */

/* Begin PBXResourcesBuildPhase section */
		A1417CAA1D19E832005DEFA3 /* Resources */ = {
			isa = PBXResourcesBuildPhase;
			buildActionMask = 2147483647;
			files = (
				A1417CB21D19E833005DEFA3 /* Assets.xcassets in Resources */,
				A1417CB51D19E833005DEFA3 /* MainMenu.xib in Resources */,
			);
			runOnlyForDeploymentPostprocessing = 0;
		};
		A1417CBF1D19EB7D005DEFA3 /* Resources */ = {
			isa = PBXResourcesBuildPhase;
			buildActionMask = 2147483647;
			files = (
				A11B69171D19F37D00802D08 /* clang-format in Resources */,
				490F268120078A4600F260F4 /* _clang-format-objc in Resources */,
			);
			runOnlyForDeploymentPostprocessing = 0;
		};
/* End PBXResourcesBuildPhase section */

/* Begin PBXShellScriptBuildPhase section */
		A11B69191D19F9CF00802D08 /* Fix Permissions */ = {
			isa = PBXShellScriptBuildPhase;
			buildActionMask = 2147483647;
			files = (
			);
			inputPaths = (
			);
			name = "Fix Permissions";
			outputPaths = (
			);
			runOnlyForDeploymentPostprocessing = 0;
			shellPath = /bin/sh;
			shellScript = "chmod 775 ${CODESIGNING_FOLDER_PATH}/Contents/PlugIns/ClangFormat.appex/Contents/Resources/clang-format";
		};
/* End PBXShellScriptBuildPhase section */

/* Begin PBXSourcesBuildPhase section */
		A1417CA81D19E832005DEFA3 /* Sources */ = {
			isa = PBXSourcesBuildPhase;
			buildActionMask = 2147483647;
			files = (
				A1417CB01D19E832005DEFA3 /* AppDelegate.swift in Sources */,
			);
			runOnlyForDeploymentPostprocessing = 0;
		};
		A1417CBD1D19EB7D005DEFA3 /* Sources */ = {
			isa = PBXSourcesBuildPhase;
			buildActionMask = 2147483647;
			files = (
				A1417CC91D19EB7D005DEFA3 /* SourceEditorExtension.swift in Sources */,
				4998DEEA200893F8003D8C7A /* ClangFormatAssume.swift in Sources */,
				A1417CCB1D19EB7D005DEFA3 /* SourceEditorCommand.swift in Sources */,
				49A486272004C24400B4758A /* Files.swift in Sources */,
			);
			runOnlyForDeploymentPostprocessing = 0;
		};
/* End PBXSourcesBuildPhase section */

/* Begin PBXTargetDependency section */
		A1417CCE1D19EB7D005DEFA3 /* PBXTargetDependency */ = {
			isa = PBXTargetDependency;
			target = A1417CC01D19EB7D005DEFA3 /* ClangFormat */;
			targetProxy = A1417CCD1D19EB7D005DEFA3 /* PBXContainerItemProxy */;
		};
/* End PBXTargetDependency section */

/* Begin PBXVariantGroup section */
		A1417CB31D19E833005DEFA3 /* MainMenu.xib */ = {
			isa = PBXVariantGroup;
			children = (
				A1417CB41D19E833005DEFA3 /* Base */,
			);
			name = MainMenu.xib;
			path = .;
			sourceTree = "<group>";
		};
/* End PBXVariantGroup section */

/* Begin XCBuildConfiguration section */
		A1417CB71D19E833005DEFA3 /* Debug */ = {
			isa = XCBuildConfiguration;
			buildSettings = {
				ALWAYS_SEARCH_USER_PATHS = NO;
				CLANG_ANALYZER_NONNULL = YES;
				CLANG_CXX_LANGUAGE_STANDARD = "gnu++0x";
				CLANG_CXX_LIBRARY = "libc++";
				CLANG_ENABLE_MODULES = YES;
				CLANG_ENABLE_OBJC_ARC = YES;
				CLANG_WARN_BOOL_CONVERSION = YES;
				CLANG_WARN_CONSTANT_CONVERSION = YES;
				CLANG_WARN_DIRECT_OBJC_ISA_USAGE = YES_ERROR;
				CLANG_WARN_DOCUMENTATION_COMMENTS = YES;
				CLANG_WARN_EMPTY_BODY = YES;
				CLANG_WARN_ENUM_CONVERSION = YES;
				CLANG_WARN_INFINITE_RECURSION = YES;
				CLANG_WARN_INT_CONVERSION = YES;
				CLANG_WARN_OBJC_ROOT_CLASS = YES_ERROR;
				CLANG_WARN_SUSPICIOUS_MOVE = YES;
				CLANG_WARN_UNREACHABLE_CODE = YES;
				CLANG_WARN__DUPLICATE_METHOD_MATCH = YES;
				CODE_SIGN_IDENTITY = "-";
				COPY_PHASE_STRIP = NO;
				DEBUG_INFORMATION_FORMAT = dwarf;
				ENABLE_STRICT_OBJC_MSGSEND = YES;
				ENABLE_TESTABILITY = YES;
				GCC_C_LANGUAGE_STANDARD = gnu99;
				GCC_DYNAMIC_NO_PIC = NO;
				GCC_NO_COMMON_BLOCKS = YES;
				GCC_OPTIMIZATION_LEVEL = 0;
				GCC_PREPROCESSOR_DEFINITIONS = (
					"DEBUG=1",
					"$(inherited)",
				);
				GCC_WARN_64_TO_32_BIT_CONVERSION = YES;
				GCC_WARN_ABOUT_RETURN_TYPE = YES_ERROR;
				GCC_WARN_UNDECLARED_SELECTOR = YES;
				GCC_WARN_UNINITIALIZED_AUTOS = YES_AGGRESSIVE;
				GCC_WARN_UNUSED_FUNCTION = YES;
				GCC_WARN_UNUSED_VARIABLE = YES;
				MACOSX_DEPLOYMENT_TARGET = 10.11;
				MTL_ENABLE_DEBUG_INFO = YES;
				ONLY_ACTIVE_ARCH = YES;
				SDKROOT = macosx;
				SWIFT_ACTIVE_COMPILATION_CONDITIONS = DEBUG;
				SWIFT_OPTIMIZATION_LEVEL = "-Onone";
			};
			name = Debug;
		};
		A1417CB81D19E833005DEFA3 /* Release */ = {
			isa = XCBuildConfiguration;
			buildSettings = {
				ALWAYS_SEARCH_USER_PATHS = NO;
				CLANG_ANALYZER_NONNULL = YES;
				CLANG_CXX_LANGUAGE_STANDARD = "gnu++0x";
				CLANG_CXX_LIBRARY = "libc++";
				CLANG_ENABLE_MODULES = YES;
				CLANG_ENABLE_OBJC_ARC = YES;
				CLANG_WARN_BOOL_CONVERSION = YES;
				CLANG_WARN_CONSTANT_CONVERSION = YES;
				CLANG_WARN_DIRECT_OBJC_ISA_USAGE = YES_ERROR;
				CLANG_WARN_DOCUMENTATION_COMMENTS = YES;
				CLANG_WARN_EMPTY_BODY = YES;
				CLANG_WARN_ENUM_CONVERSION = YES;
				CLANG_WARN_INFINITE_RECURSION = YES;
				CLANG_WARN_INT_CONVERSION = YES;
				CLANG_WARN_OBJC_ROOT_CLASS = YES_ERROR;
				CLANG_WARN_SUSPICIOUS_MOVE = YES;
				CLANG_WARN_UNREACHABLE_CODE = YES;
				CLANG_WARN__DUPLICATE_METHOD_MATCH = YES;
				CODE_SIGN_IDENTITY = "-";
				COPY_PHASE_STRIP = NO;
				DEBUG_INFORMATION_FORMAT = "dwarf-with-dsym";
				ENABLE_NS_ASSERTIONS = NO;
				ENABLE_STRICT_OBJC_MSGSEND = YES;
				GCC_C_LANGUAGE_STANDARD = gnu99;
				GCC_NO_COMMON_BLOCKS = YES;
				GCC_WARN_64_TO_32_BIT_CONVERSION = YES;
				GCC_WARN_ABOUT_RETURN_TYPE = YES_ERROR;
				GCC_WARN_UNDECLARED_SELECTOR = YES;
				GCC_WARN_UNINITIALIZED_AUTOS = YES_AGGRESSIVE;
				GCC_WARN_UNUSED_FUNCTION = YES;
				GCC_WARN_UNUSED_VARIABLE = YES;
				MACOSX_DEPLOYMENT_TARGET = 10.11;
				MTL_ENABLE_DEBUG_INFO = NO;
				SDKROOT = macosx;
				SWIFT_OPTIMIZATION_LEVEL = "-Owholemodule";
			};
			name = Release;
		};
		A1417CBA1D19E833005DEFA3 /* Debug */ = {
			isa = XCBuildConfiguration;
			buildSettings = {
				ALWAYS_EMBED_SWIFT_STANDARD_LIBRARIES = YES;
				ASSETCATALOG_COMPILER_APPICON_NAME = AppIcon;
				CODE_SIGN_IDENTITY = "Mac Developer";
				CODE_SIGN_STYLE = Automatic;
				COMBINE_HIDPI_IMAGES = YES;
				DEVELOPMENT_TEAM = 29C5EDQ3MS;
				INFOPLIST_FILE = "$(SRCROOT)/Resources/Info.plist";
				LD_RUNPATH_SEARCH_PATHS = "$(inherited) @executable_path/../Frameworks";
				PRODUCT_BUNDLE_IDENTIFIER = org.iosteampw.ClangFormatter;
				PRODUCT_NAME = "$(TARGET_NAME)";
				PROVISIONING_PROFILE_SPECIFIER = "";
				SWIFT_VERSION = 3.0;
			};
			name = Debug;
		};
		A1417CBB1D19E833005DEFA3 /* Release */ = {
			isa = XCBuildConfiguration;
			buildSettings = {
				ALWAYS_EMBED_SWIFT_STANDARD_LIBRARIES = YES;
				ASSETCATALOG_COMPILER_APPICON_NAME = AppIcon;
				CODE_SIGN_IDENTITY = "Mac Developer";
				CODE_SIGN_STYLE = Automatic;
				COMBINE_HIDPI_IMAGES = YES;
				DEVELOPMENT_TEAM = 29C5EDQ3MS;
				INFOPLIST_FILE = "$(SRCROOT)/Resources/Info.plist";
				LD_RUNPATH_SEARCH_PATHS = "$(inherited) @executable_path/../Frameworks";
				PRODUCT_BUNDLE_IDENTIFIER = org.iosteampw.ClangFormatter;
				PRODUCT_NAME = "$(TARGET_NAME)";
				PROVISIONING_PROFILE_SPECIFIER = "";
				SWIFT_VERSION = 3.0;
			};
			name = Release;
		};
		A1417CD01D19EB7D005DEFA3 /* Debug */ = {
			isa = XCBuildConfiguration;
			buildSettings = {
				ALWAYS_EMBED_SWIFT_STANDARD_LIBRARIES = YES;
				CODE_SIGN_ENTITLEMENTS = ClangFormat/ClangFormat.entitlements;
				CODE_SIGN_IDENTITY = "Mac Developer";
				CODE_SIGN_STYLE = Automatic;
				COMBINE_HIDPI_IMAGES = YES;
				DEVELOPMENT_TEAM = 29C5EDQ3MS;
				INFOPLIST_FILE = ClangFormat/Info.plist;
				LD_RUNPATH_SEARCH_PATHS = "$(inherited) @executable_path/../Frameworks @executable_path/../../../../Frameworks";
				MACOSX_DEPLOYMENT_TARGET = 10.11;
				PRODUCT_BUNDLE_IDENTIFIER = org.iosteampw.ClangFormatter.ClangFormat;
				PRODUCT_NAME = "$(TARGET_NAME)";
				PROVISIONING_PROFILE_SPECIFIER = "";
				SKIP_INSTALL = YES;
				SWIFT_VERSION = 3.0;
			};
			name = Debug;
		};
		A1417CD11D19EB7D005DEFA3 /* Release */ = {
			isa = XCBuildConfiguration;
			buildSettings = {
				ALWAYS_EMBED_SWIFT_STANDARD_LIBRARIES = YES;
				CODE_SIGN_ENTITLEMENTS = ClangFormat/ClangFormat.entitlements;
				CODE_SIGN_IDENTITY = "Mac Developer";
				CODE_SIGN_STYLE = Automatic;
				COMBINE_HIDPI_IMAGES = YES;
				DEVELOPMENT_TEAM = 29C5EDQ3MS;
				INFOPLIST_FILE = ClangFormat/Info.plist;
				LD_RUNPATH_SEARCH_PATHS = "$(inherited) @executable_path/../Frameworks @executable_path/../../../../Frameworks";
				MACOSX_DEPLOYMENT_TARGET = 10.11;
				PRODUCT_BUNDLE_IDENTIFIER = org.iosteampw.ClangFormatter.ClangFormat;
				PRODUCT_NAME = "$(TARGET_NAME)";
				PROVISIONING_PROFILE_SPECIFIER = "";
				SKIP_INSTALL = YES;
				SWIFT_VERSION = 3.0;
			};
			name = Release;
		};
/* End XCBuildConfiguration section */

/* Begin XCConfigurationList section */
		A1417CA71D19E832005DEFA3 /* Build configuration list for PBXProject "ClangFormatter" */ = {
			isa = XCConfigurationList;
			buildConfigurations = (
				A1417CB71D19E833005DEFA3 /* Debug */,
				A1417CB81D19E833005DEFA3 /* Release */,
			);
			defaultConfigurationIsVisible = 0;
			defaultConfigurationName = Release;
		};
		A1417CB91D19E833005DEFA3 /* Build configuration list for PBXNativeTarget "ClangFormatter" */ = {
			isa = XCConfigurationList;
			buildConfigurations = (
				A1417CBA1D19E833005DEFA3 /* Debug */,
				A1417CBB1D19E833005DEFA3 /* Release */,
			);
			defaultConfigurationIsVisible = 0;
			defaultConfigurationName = Release;
		};
		A1417CD21D19EB7D005DEFA3 /* Build configuration list for PBXNativeTarget "ClangFormat" */ = {
			isa = XCConfigurationList;
			buildConfigurations = (
				A1417CD01D19EB7D005DEFA3 /* Debug */,
				A1417CD11D19EB7D005DEFA3 /* Release */,
			);
			defaultConfigurationIsVisible = 0;
			defaultConfigurationName = Release;
		};
/* End XCConfigurationList section */
	};
	rootObject = A1417CA41D19E832005DEFA3 /* Project object */;
}
